
Microsoft Visual Studio Solution File, Format Version 12.00
# Visual Studio Version 17
VisualStudioVersion = 17.2.32526.322
MinimumVisualStudioVersion = 10.0.40219.1
Project("{FAE04EC0-301F-11D3-BF4B-00C04F79EFBC}") = "NetCoreApplication", "NetCoreApplication\NetCoreApplication.csproj", "{7DD731FB-64A4-4D38-9FA6-6B33F6ADA7F7}"
EndProject
Global
	GlobalSection(SolutionConfigurationPlatforms) = preSolution
		Debug|Any CPU = Debug|Any CPU
		Release|Any CPU = Release|Any CPU
	EndGlobalSection
	GlobalSection(ProjectConfigurationPlatforms) = postSolution
		{7DD731FB-64A4-4D38-9FA6-6B33F6ADA7F7}.Debug|Any CPU.ActiveCfg = Debug|Any CPU
		{7DD731FB-64A4-4D38-9FA6-6B33F6ADA7F7}.Debug|Any CPU.Build.0 = Debug|Any CPU
		{7DD731FB-64A4-4D38-9FA6-6B33F6ADA7F7}.Release|Any CPU.ActiveCfg = Release|Any CPU
		{7DD731FB-64A4-4D38-9FA6-6B33F6ADA7F7}.Release|Any CPU.Build.0 = Release|Any CPU
	EndGlobalSection
	GlobalSection(SolutionProperties) = preSolution
		HideSolutionNode = FALSE
	EndGlobalSection
	GlobalSection(ExtensibilityGlobals) = postSolution
		SolutionGuid = {647FB6A5-C277-46D7-A9AD-B670FF796E4B}
	EndGlobalSection
EndGlobal
